// !$*UTF8*$!
{
	archiveVersion = 1;
	classes = {
	};
	objectVersion = 55;
	objects = {

/* Begin PBXBuildFile section */
		13D4C26628B0F900007B3BBE /* AppDelegate.swift in Sources */ = {isa = PBXBuildFile; fileRef = 13D4C26528B0F900007B3BBE /* AppDelegate.swift */; };
		13D4C26828B0F900007B3BBE /* SceneDelegate.swift in Sources */ = {isa = PBXBuildFile; fileRef = 13D4C26728B0F900007B3BBE /* SceneDelegate.swift */; };
		13D4C26D28B0F900007B3BBE /* Main.storyboard in Resources */ = {isa = PBXBuildFile; fileRef = 13D4C26B28B0F900007B3BBE /* Main.storyboard */; };
		13D4C26F28B0F909007B3BBE /* Assets.xcassets in Resources */ = {isa = PBXBuildFile; fileRef = 13D4C26E28B0F909007B3BBE /* Assets.xcassets */; };
		13D4C27228B0F909007B3BBE /* LaunchScreen.storyboard in Resources */ = {isa = PBXBuildFile; fileRef = 13D4C27028B0F909007B3BBE /* LaunchScreen.storyboard */; };
		13D4C28028B0FA8E007B3BBE /* CoupledViewController.swift in Sources */ = {isa = PBXBuildFile; fileRef = 13D4C27F28B0FA8E007B3BBE /* CoupledViewController.swift */; };
		13D4C28228B0FAF8007B3BBE /* CoupledAPI.swift in Sources */ = {isa = PBXBuildFile; fileRef = 13D4C28128B0FAF8007B3BBE /* CoupledAPI.swift */; };
		13D4C28428B0FBEC007B3BBE /* FeedItem.swift in Sources */ = {isa = PBXBuildFile; fileRef = 13D4C28328B0FBEC007B3BBE /* FeedItem.swift */; };
		13D4C28728B0FEB1007B3BBE /* DecoupledAPI.swift in Sources */ = {isa = PBXBuildFile; fileRef = 13D4C28628B0FEB1007B3BBE /* DecoupledAPI.swift */; };
		13D4C28A28B0FEC1007B3BBE /* DecoupledViewController.swift in Sources */ = {isa = PBXBuildFile; fileRef = 13D4C28928B0FEC1007B3BBE /* DecoupledViewController.swift */; };
		13D4C28E28B1003E007B3BBE /* DecoupledViewControllerWithAdapter.swift in Sources */ = {isa = PBXBuildFile; fileRef = 13D4C28D28B1003E007B3BBE /* DecoupledViewControllerWithAdapter.swift */; };
		13D4C29228B2A331007B3BBE /* DecoupledViewControllerAPIAdapter.swift in Sources */ = {isa = PBXBuildFile; fileRef = 13D4C29128B2A331007B3BBE /* DecoupledViewControllerAPIAdapter.swift */; };
		13D4C29428B2A3FF007B3BBE /* AdapterBasedAPI.swift in Sources */ = {isa = PBXBuildFile; fileRef = 13D4C29328B2A3FF007B3BBE /* AdapterBasedAPI.swift */; };
/* End PBXBuildFile section */

/* Begin PBXFileReference section */
		13D4C26228B0F900007B3BBE /* Decoupling-Dependencies-Swift.app */ = {isa = PBXFileReference; explicitFileType = wrapper.application; includeInIndex = 0; path = "Decoupling-Dependencies-Swift.app"; sourceTree = BUILT_PRODUCTS_DIR; };
		13D4C26528B0F900007B3BBE /* AppDelegate.swift */ = {isa = PBXFileReference; lastKnownFileType = sourcecode.swift; path = AppDelegate.swift; sourceTree = "<group>"; };
		13D4C26728B0F900007B3BBE /* SceneDelegate.swift */ = {isa = PBXFileReference; lastKnownFileType = sourcecode.swift; path = SceneDelegate.swift; sourceTree = "<group>"; };
		13D4C26C28B0F900007B3BBE /* Base */ = {isa = PBXFileReference; lastKnownFileType = file.storyboard; name = Base; path = Base.lproj/Main.storyboard; sourceTree = "<group>"; };
		13D4C26E28B0F909007B3BBE /* Assets.xcassets */ = {isa = PBXFileReference; lastKnownFileType = folder.assetcatalog; path = Assets.xcassets; sourceTree = "<group>"; };
		13D4C27128B0F909007B3BBE /* Base */ = {isa = PBXFileReference; lastKnownFileType = file.storyboard; name = Base; path = Base.lproj/LaunchScreen.storyboard; sourceTree = "<group>"; };
		13D4C27328B0F909007B3BBE /* Info.plist */ = {isa = PBXFileReference; lastKnownFileType = text.plist.xml; path = Info.plist; sourceTree = "<group>"; };
		13D4C27F28B0FA8E007B3BBE /* CoupledViewController.swift */ = {isa = PBXFileReference; lastKnownFileType = sourcecode.swift; path = CoupledViewController.swift; sourceTree = "<group>"; };
		13D4C28128B0FAF8007B3BBE /* CoupledAPI.swift */ = {isa = PBXFileReference; lastKnownFileType = sourcecode.swift; path = CoupledAPI.swift; sourceTree = "<group>"; };
		13D4C28328B0FBEC007B3BBE /* FeedItem.swift */ = {isa = PBXFileReference; lastKnownFileType = sourcecode.swift; path = FeedItem.swift; sourceTree = "<group>"; };
		13D4C28628B0FEB1007B3BBE /* DecoupledAPI.swift */ = {isa = PBXFileReference; lastKnownFileType = sourcecode.swift; path = DecoupledAPI.swift; sourceTree = "<group>"; };
		13D4C28928B0FEC1007B3BBE /* DecoupledViewController.swift */ = {isa = PBXFileReference; lastKnownFileType = sourcecode.swift; path = DecoupledViewController.swift; sourceTree = "<group>"; };
		13D4C28D28B1003E007B3BBE /* DecoupledViewControllerWithAdapter.swift */ = {isa = PBXFileReference; lastKnownFileType = sourcecode.swift; path = DecoupledViewControllerWithAdapter.swift; sourceTree = "<group>"; };
		13D4C29128B2A331007B3BBE /* DecoupledViewControllerAPIAdapter.swift */ = {isa = PBXFileReference; lastKnownFileType = sourcecode.swift; path = DecoupledViewControllerAPIAdapter.swift; sourceTree = "<group>"; };
		13D4C29328B2A3FF007B3BBE /* AdapterBasedAPI.swift */ = {isa = PBXFileReference; lastKnownFileType = sourcecode.swift; path = AdapterBasedAPI.swift; sourceTree = "<group>"; };
/* End PBXFileReference section */

/* Begin PBXFrameworksBuildPhase section */
		13D4C25F28B0F900007B3BBE /* Frameworks */ = {
			isa = PBXFrameworksBuildPhase;
			buildActionMask = 2147483647;
			files = (
			);
			runOnlyForDeploymentPostprocessing = 0;
		};
/* End PBXFrameworksBuildPhase section */

/* Begin PBXGroup section */
		13D4C25928B0F900007B3BBE = {
			isa = PBXGroup;
			children = (
				13D4C26428B0F900007B3BBE /* Decoupling-Dependencies-Swift */,
				13D4C26328B0F900007B3BBE /* Products */,
			);
			sourceTree = "<group>";
		};
		13D4C26328B0F900007B3BBE /* Products */ = {
			isa = PBXGroup;
			children = (
				13D4C26228B0F900007B3BBE /* Decoupling-Dependencies-Swift.app */,
			);
			name = Products;
			sourceTree = "<group>";
		};
		13D4C26428B0F900007B3BBE /* Decoupling-Dependencies-Swift */ = {
			isa = PBXGroup;
			children = (
				13D4C27A28B0F92E007B3BBE /* Modules */,
				13D4C27D28B0F94B007B3BBE /* Resources */,
				13D4C27928B0F91E007B3BBE /* Supports */,
			);
			path = "Decoupling-Dependencies-Swift";
			sourceTree = "<group>";
		};
		13D4C27928B0F91E007B3BBE /* Supports */ = {
			isa = PBXGroup;
			children = (
				13D4C27328B0F909007B3BBE /* Info.plist */,
				13D4C26528B0F900007B3BBE /* AppDelegate.swift */,
				13D4C26728B0F900007B3BBE /* SceneDelegate.swift */,
			);
			path = Supports;
			sourceTree = "<group>";
		};
		13D4C27A28B0F92E007B3BBE /* Modules */ = {
			isa = PBXGroup;
			children = (
				13D4C27E28B0FA7A007B3BBE /* Coupled */,
				13D4C28828B0FEB6007B3BBE /* Decoupled */,
				13D4C28528B0FBF2007B3BBE /* Models */,
				13D4C27B28B0F93A007B3BBE /* Storyboards */,
			);
			path = Modules;
			sourceTree = "<group>";
		};
		13D4C27B28B0F93A007B3BBE /* Storyboards */ = {
			isa = PBXGroup;
			children = (
				13D4C27028B0F909007B3BBE /* LaunchScreen.storyboard */,
				13D4C26B28B0F900007B3BBE /* Main.storyboard */,
			);
			path = Storyboards;
			sourceTree = "<group>";
		};
		13D4C27D28B0F94B007B3BBE /* Resources */ = {
			isa = PBXGroup;
			children = (
				13D4C26E28B0F909007B3BBE /* Assets.xcassets */,
			);
			path = Resources;
			sourceTree = "<group>";
		};
		13D4C27E28B0FA7A007B3BBE /* Coupled */ = {
			isa = PBXGroup;
			children = (
				13D4C28128B0FAF8007B3BBE /* CoupledAPI.swift */,
				13D4C27F28B0FA8E007B3BBE /* CoupledViewController.swift */,
			);
			path = Coupled;
			sourceTree = "<group>";
		};
		13D4C28528B0FBF2007B3BBE /* Models */ = {
			isa = PBXGroup;
			children = (
				13D4C28328B0FBEC007B3BBE /* FeedItem.swift */,
			);
			path = Models;
			sourceTree = "<group>";
		};
		13D4C28828B0FEB6007B3BBE /* Decoupled */ = {
			isa = PBXGroup;
			children = (
				13D4C28C28B1002D007B3BBE /* AdapterBased */,
				13D4C28B28B10022007B3BBE /* ProtocolBased */,
			);
			path = Decoupled;
			sourceTree = "<group>";
		};
		13D4C28B28B10022007B3BBE /* ProtocolBased */ = {
			isa = PBXGroup;
			children = (
				13D4C28628B0FEB1007B3BBE /* DecoupledAPI.swift */,
				13D4C28928B0FEC1007B3BBE /* DecoupledViewController.swift */,
			);
			path = ProtocolBased;
			sourceTree = "<group>";
		};
		13D4C28C28B1002D007B3BBE /* AdapterBased */ = {
			isa = PBXGroup;
			children = (
				13D4C29328B2A3FF007B3BBE /* AdapterBasedAPI.swift */,
				13D4C29128B2A331007B3BBE /* DecoupledViewControllerAPIAdapter.swift */,
				13D4C28D28B1003E007B3BBE /* DecoupledViewControllerWithAdapter.swift */,
			);
			path = AdapterBased;
			sourceTree = "<group>";
		};
/* End PBXGroup section */

/* Begin PBXNativeTarget section */
		13D4C26128B0F900007B3BBE /* Decoupling-Dependencies-Swift */ = {
			isa = PBXNativeTarget;
			buildConfigurationList = 13D4C27628B0F909007B3BBE /* Build configuration list for PBXNativeTarget "Decoupling-Dependencies-Swift" */;
			buildPhases = (
				13D4C25E28B0F900007B3BBE /* Sources */,
				13D4C25F28B0F900007B3BBE /* Frameworks */,
				13D4C26028B0F900007B3BBE /* Resources */,
			);
			buildRules = (
			);
			dependencies = (
			);
			name = "Decoupling-Dependencies-Swift";
			productName = "Decoupling-Dependencies-Swift";
			productReference = 13D4C26228B0F900007B3BBE /* Decoupling-Dependencies-Swift.app */;
			productType = "com.apple.product-type.application";
		};
/* End PBXNativeTarget section */

/* Begin PBXProject section */
		13D4C25A28B0F900007B3BBE /* Project object */ = {
			isa = PBXProject;
			attributes = {
				BuildIndependentTargetsInParallel = 1;
				LastSwiftUpdateCheck = 1340;
				LastUpgradeCheck = 1340;
				TargetAttributes = {
					13D4C26128B0F900007B3BBE = {
						CreatedOnToolsVersion = 13.4.1;
					};
				};
			};
			buildConfigurationList = 13D4C25D28B0F900007B3BBE /* Build configuration list for PBXProject "Decoupling-Dependencies-Swift" */;
			compatibilityVersion = "Xcode 13.0";
			developmentRegion = en;
			hasScannedForEncodings = 0;
			knownRegions = (
				en,
				Base,
			);
			mainGroup = 13D4C25928B0F900007B3BBE;
			productRefGroup = 13D4C26328B0F900007B3BBE /* Products */;
			projectDirPath = "";
			projectRoot = "";
			targets = (
				13D4C26128B0F900007B3BBE /* Decoupling-Dependencies-Swift */,
			);
		};
/* End PBXProject section */

/* Begin PBXResourcesBuildPhase section */
		13D4C26028B0F900007B3BBE /* Resources */ = {
			isa = PBXResourcesBuildPhase;
			buildActionMask = 2147483647;
			files = (
				13D4C27228B0F909007B3BBE /* LaunchScreen.storyboard in Resources */,
				13D4C26F28B0F909007B3BBE /* Assets.xcassets in Resources */,
				13D4C26D28B0F900007B3BBE /* Main.storyboard in Resources */,
			);
			runOnlyForDeploymentPostprocessing = 0;
		};
/* End PBXResourcesBuildPhase section */

/* Begin PBXSourcesBuildPhase section */
		13D4C25E28B0F900007B3BBE /* Sources */ = {
			isa = PBXSourcesBuildPhase;
			buildActionMask = 2147483647;
			files = (
				13D4C28028B0FA8E007B3BBE /* CoupledViewController.swift in Sources */,
				13D4C29428B2A3FF007B3BBE /* AdapterBasedAPI.swift in Sources */,
				13D4C28728B0FEB1007B3BBE /* DecoupledAPI.swift in Sources */,
				13D4C28428B0FBEC007B3BBE /* FeedItem.swift in Sources */,
				13D4C28A28B0FEC1007B3BBE /* DecoupledViewController.swift in Sources */,
				13D4C26628B0F900007B3BBE /* AppDelegate.swift in Sources */,
				13D4C28228B0FAF8007B3BBE /* CoupledAPI.swift in Sources */,
				13D4C26828B0F900007B3BBE /* SceneDelegate.swift in Sources */,
				13D4C28E28B1003E007B3BBE /* DecoupledViewControllerWithAdapter.swift in Sources */,
				13D4C29228B2A331007B3BBE /* DecoupledViewControllerAPIAdapter.swift in Sources */,
			);
			runOnlyForDeploymentPostprocessing = 0;
		};
/* End PBXSourcesBuildPhase section */

/* Begin PBXVariantGroup section */
		13D4C26B28B0F900007B3BBE /* Main.storyboard */ = {
			isa = PBXVariantGroup;
			children = (
				13D4C26C28B0F900007B3BBE /* Base */,
			);
			name = Main.storyboard;
			sourceTree = "<group>";
		};
		13D4C27028B0F909007B3BBE /* LaunchScreen.storyboard */ = {
			isa = PBXVariantGroup;
			children = (
				13D4C27128B0F909007B3BBE /* Base */,
			);
			name = LaunchScreen.storyboard;
			sourceTree = "<group>";
		};
/* End PBXVariantGroup section */

/* Begin XCBuildConfiguration section */
		13D4C27428B0F909007B3BBE /* Debug */ = {
			isa = XCBuildConfiguration;
			buildSettings = {
				ALWAYS_SEARCH_USER_PATHS = NO;
				CLANG_ANALYZER_NONNULL = YES;
				CLANG_ANALYZER_NUMBER_OBJECT_CONVERSION = YES_AGGRESSIVE;
				CLANG_CXX_LANGUAGE_STANDARD = "gnu++17";
				CLANG_ENABLE_MODULES = YES;
				CLANG_ENABLE_OBJC_ARC = YES;
				CLANG_ENABLE_OBJC_WEAK = YES;
				CLANG_WARN_BLOCK_CAPTURE_AUTORELEASING = YES;
				CLANG_WARN_BOOL_CONVERSION = YES;
				CLANG_WARN_COMMA = YES;
				CLANG_WARN_CONSTANT_CONVERSION = YES;
				CLANG_WARN_DEPRECATED_OBJC_IMPLEMENTATIONS = YES;
				CLANG_WARN_DIRECT_OBJC_ISA_USAGE = YES_ERROR;
				CLANG_WARN_DOCUMENTATION_COMMENTS = YES;
				CLANG_WARN_EMPTY_BODY = YES;
				CLANG_WARN_ENUM_CONVERSION = YES;
				CLANG_WARN_INFINITE_RECURSION = YES;
				CLANG_WARN_INT_CONVERSION = YES;
				CLANG_WARN_NON_LITERAL_NULL_CONVERSION = YES;
				CLANG_WARN_OBJC_IMPLICIT_RETAIN_SELF = YES;
				CLANG_WARN_OBJC_LITERAL_CONVERSION = YES;
				CLANG_WARN_OBJC_ROOT_CLASS = YES_ERROR;
				CLANG_WARN_QUOTED_INCLUDE_IN_FRAMEWORK_HEADER = YES;
				CLANG_WARN_RANGE_LOOP_ANALYSIS = YES;
				CLANG_WARN_STRICT_PROTOTYPES = YES;
				CLANG_WARN_SUSPICIOUS_MOVE = YES;
				CLANG_WARN_UNGUARDED_AVAILABILITY = YES_AGGRESSIVE;
				CLANG_WARN_UNREACHABLE_CODE = YES;
				CLANG_WARN__DUPLICATE_METHOD_MATCH = YES;
				COPY_PHASE_STRIP = NO;
				DEBUG_INFORMATION_FORMAT = dwarf;
				ENABLE_STRICT_OBJC_MSGSEND = YES;
				ENABLE_TESTABILITY = YES;
				GCC_C_LANGUAGE_STANDARD = gnu11;
				GCC_DYNAMIC_NO_PIC = NO;
				GCC_NO_COMMON_BLOCKS = YES;
				GCC_OPTIMIZATION_LEVEL = 0;
				GCC_PREPROCESSOR_DEFINITIONS = (
					"DEBUG=1",
					"$(inherited)",
				);
				GCC_WARN_64_TO_32_BIT_CONVERSION = YES;
				GCC_WARN_ABOUT_RETURN_TYPE = YES_ERROR;
				GCC_WARN_UNDECLARED_SELECTOR = YES;
				GCC_WARN_UNINITIALIZED_AUTOS = YES_AGGRESSIVE;
				GCC_WARN_UNUSED_FUNCTION = YES;
				GCC_WARN_UNUSED_VARIABLE = YES;
				IPHONEOS_DEPLOYMENT_TARGET = 15.5;
				MTL_ENABLE_DEBUG_INFO = INCLUDE_SOURCE;
				MTL_FAST_MATH = YES;
				ONLY_ACTIVE_ARCH = YES;
				SDKROOT = iphoneos;
				SWIFT_ACTIVE_COMPILATION_CONDITIONS = DEBUG;
				SWIFT_OPTIMIZATION_LEVEL = "-Onone";
			};
			name = Debug;
		};
		13D4C27528B0F909007B3BBE /* Release */ = {
			isa = XCBuildConfiguration;
			buildSettings = {
				ALWAYS_SEARCH_USER_PATHS = NO;
				CLANG_ANALYZER_NONNULL = YES;
				CLANG_ANALYZER_NUMBER_OBJECT_CONVERSION = YES_AGGRESSIVE;
				CLANG_CXX_LANGUAGE_STANDARD = "gnu++17";
				CLANG_ENABLE_MODULES = YES;
				CLANG_ENABLE_OBJC_ARC = YES;
				CLANG_ENABLE_OBJC_WEAK = YES;
				CLANG_WARN_BLOCK_CAPTURE_AUTORELEASING = YES;
				CLANG_WARN_BOOL_CONVERSION = YES;
				CLANG_WARN_COMMA = YES;
				CLANG_WARN_CONSTANT_CONVERSION = YES;
				CLANG_WARN_DEPRECATED_OBJC_IMPLEMENTATIONS = YES;
				CLANG_WARN_DIRECT_OBJC_ISA_USAGE = YES_ERROR;
				CLANG_WARN_DOCUMENTATION_COMMENTS = YES;
				CLANG_WARN_EMPTY_BODY = YES;
				CLANG_WARN_ENUM_CONVERSION = YES;
				CLANG_WARN_INFINITE_RECURSION = YES;
				CLANG_WARN_INT_CONVERSION = YES;
				CLANG_WARN_NON_LITERAL_NULL_CONVERSION = YES;
				CLANG_WARN_OBJC_IMPLICIT_RETAIN_SELF = YES;
				CLANG_WARN_OBJC_LITERAL_CONVERSION = YES;
				CLANG_WARN_OBJC_ROOT_CLASS = YES_ERROR;
				CLANG_WARN_QUOTED_INCLUDE_IN_FRAMEWORK_HEADER = YES;
				CLANG_WARN_RANGE_LOOP_ANALYSIS = YES;
				CLANG_WARN_STRICT_PROTOTYPES = YES;
				CLANG_WARN_SUSPICIOUS_MOVE = YES;
				CLANG_WARN_UNGUARDED_AVAILABILITY = YES_AGGRESSIVE;
				CLANG_WARN_UNREACHABLE_CODE = YES;
				CLANG_WARN__DUPLICATE_METHOD_MATCH = YES;
				COPY_PHASE_STRIP = NO;
				DEBUG_INFORMATION_FORMAT = "dwarf-with-dsym";
				ENABLE_NS_ASSERTIONS = NO;
				ENABLE_STRICT_OBJC_MSGSEND = YES;
				GCC_C_LANGUAGE_STANDARD = gnu11;
				GCC_NO_COMMON_BLOCKS = YES;
				GCC_WARN_64_TO_32_BIT_CONVERSION = YES;
				GCC_WARN_ABOUT_RETURN_TYPE = YES_ERROR;
				GCC_WARN_UNDECLARED_SELECTOR = YES;
				GCC_WARN_UNINITIALIZED_AUTOS = YES_AGGRESSIVE;
				GCC_WARN_UNUSED_FUNCTION = YES;
				GCC_WARN_UNUSED_VARIABLE = YES;
				IPHONEOS_DEPLOYMENT_TARGET = 15.5;
				MTL_ENABLE_DEBUG_INFO = NO;
				MTL_FAST_MATH = YES;
				SDKROOT = iphoneos;
				SWIFT_COMPILATION_MODE = wholemodule;
				SWIFT_OPTIMIZATION_LEVEL = "-O";
				VALIDATE_PRODUCT = YES;
			};
			name = Release;
		};
		13D4C27728B0F909007B3BBE /* Debug */ = {
			isa = XCBuildConfiguration;
			buildSettings = {
				ASSETCATALOG_COMPILER_APPICON_NAME = AppIcon;
				ASSETCATALOG_COMPILER_GLOBAL_ACCENT_COLOR_NAME = AccentColor;
				CODE_SIGN_STYLE = Automatic;
				CURRENT_PROJECT_VERSION = 1;
				DEVELOPMENT_TEAM = RMTY324S26;
				GENERATE_INFOPLIST_FILE = YES;
				INFOPLIST_FILE = "Decoupling-Dependencies-Swift/Supports/Info.plist";
				INFOPLIST_KEY_UIApplicationSupportsIndirectInputEvents = YES;
				INFOPLIST_KEY_UILaunchStoryboardName = LaunchScreen;
				INFOPLIST_KEY_UIMainStoryboardFile = Main;
				INFOPLIST_KEY_UISupportedInterfaceOrientations_iPad = "UIInterfaceOrientationPortrait UIInterfaceOrientationPortraitUpsideDown UIInterfaceOrientationLandscapeLeft UIInterfaceOrientationLandscapeRight";
				INFOPLIST_KEY_UISupportedInterfaceOrientations_iPhone = "UIInterfaceOrientationPortrait UIInterfaceOrientationLandscapeLeft UIInterfaceOrientationLandscapeRight";
				LD_RUNPATH_SEARCH_PATHS = (
					"$(inherited)",
					"@executable_path/Frameworks",
				);
				MARKETING_VERSION = 1.0;
				PRODUCT_BUNDLE_IDENTIFIER = "com.bugrayenidunya.Decoupling-Dependencies-Swift";
				PRODUCT_NAME = "$(TARGET_NAME)";
				SWIFT_EMIT_LOC_STRINGS = YES;
				SWIFT_VERSION = 5.0;
				TARGETED_DEVICE_FAMILY = "1,2";
			};
			name = Debug;
		};
		13D4C27828B0F909007B3BBE /* Release */ = {
			isa = XCBuildConfiguration;
			buildSettings = {
				ASSETCATALOG_COMPILER_APPICON_NAME = AppIcon;
				ASSETCATALOG_COMPILER_GLOBAL_ACCENT_COLOR_NAME = AccentColor;
				CODE_SIGN_STYLE = Automatic;
				CURRENT_PROJECT_VERSION = 1;
				DEVELOPMENT_TEAM = RMTY324S26;
				GENERATE_INFOPLIST_FILE = YES;
				INFOPLIST_FILE = "Decoupling-Dependencies-Swift/Supports/Info.plist";
				INFOPLIST_KEY_UIApplicationSupportsIndirectInputEvents = YES;
				INFOPLIST_KEY_UILaunchStoryboardName = LaunchScreen;
				INFOPLIST_KEY_UIMainStoryboardFile = Main;
				INFOPLIST_KEY_UISupportedInterfaceOrientations_iPad = "UIInterfaceOrientationPortrait UIInterfaceOrientationPortraitUpsideDown UIInterfaceOrientationLandscapeLeft UIInterfaceOrientationLandscapeRight";
				INFOPLIST_KEY_UISupportedInterfaceOrientations_iPhone = "UIInterfaceOrientationPortrait UIInterfaceOrientationLandscapeLeft UIInterfaceOrientationLandscapeRight";
				LD_RUNPATH_SEARCH_PATHS = (
					"$(inherited)",
					"@executable_path/Frameworks",
				);
				MARKETING_VERSION = 1.0;
				PRODUCT_BUNDLE_IDENTIFIER = "com.bugrayenidunya.Decoupling-Dependencies-Swift";
				PRODUCT_NAME = "$(TARGET_NAME)";
				SWIFT_EMIT_LOC_STRINGS = YES;
				SWIFT_VERSION = 5.0;
				TARGETED_DEVICE_FAMILY = "1,2";
			};
			name = Release;
		};
/* End XCBuildConfiguration section */

/* Begin XCConfigurationList section */
		13D4C25D28B0F900007B3BBE /* Build configuration list for PBXProject "Decoupling-Dependencies-Swift" */ = {
			isa = XCConfigurationList;
			buildConfigurations = (
				13D4C27428B0F909007B3BBE /* Debug */,
				13D4C27528B0F909007B3BBE /* Release */,
			);
			defaultConfigurationIsVisible = 0;
			defaultConfigurationName = Release;
		};
		13D4C27628B0F909007B3BBE /* Build configuration list for PBXNativeTarget "Decoupling-Dependencies-Swift" */ = {
			isa = XCConfigurationList;
			buildConfigurations = (
				13D4C27728B0F909007B3BBE /* Debug */,
				13D4C27828B0F909007B3BBE /* Release */,
			);
			defaultConfigurationIsVisible = 0;
			defaultConfigurationName = Release;
		};
/* End XCConfigurationList section */
	};
	rootObject = 13D4C25A28B0F900007B3BBE /* Project object */;
}
